
Microsoft Visual Studio Solution File, Format Version 12.00
# Visual Studio Version 16
VisualStudioVersion = 16.0.31702.278
MinimumVisualStudioVersion = 10.0.40219.1
Project("{8BC9CEB8-8B4A-11D0-8D11-00A0C91BC942}") = "2048", "2048\2048.vcxproj", "{D3ECE0A6-2AFA-4B37-9E21-3D1AB2E85676}"
EndProject
Global
	GlobalSection(SolutionConfigurationPlatforms) = preSolution
		Debug|x64 = Debug|x64
		Debug|x86 = Debug|x86
		Release|x64 = Release|x64
		Release|x86 = Release|x86
	EndGlobalSection
	GlobalSection(ProjectConfigurationPlatforms) = postSolution
		{D3ECE0A6-2AFA-4B37-9E21-3D1AB2E85676}.Debug|x64.ActiveCfg = Debug|x64
		{D3ECE0A6-2AFA-4B37-9E21-3D1AB2E85676}.Debug|x64.Build.0 = Debug|x64
		{D3ECE0A6-2AFA-4B37-9E21-3D1AB2E85676}.Debug|x86.ActiveCfg = Debug|Win32
		{D3ECE0A6-2AFA-4B37-9E21-3D1AB2E85676}.Debug|x86.Build.0 = Debug|Win32
		{D3ECE0A6-2AFA-4B37-9E21-3D1AB2E85676}.Release|x64.ActiveCfg = Release|x64
		{D3ECE0A6-2AFA-4B37-9E21-3D1AB2E85676}.Release|x64.Build.0 = Release|x64
		{D3ECE0A6-2AFA-4B37-9E21-3D1AB2E85676}.Release|x86.ActiveCfg = Release|Win32
		{D3ECE0A6-2AFA-4B37-9E21-3D1AB2E85676}.Release|x86.Build.0 = Release|Win32
	EndGlobalSection
	GlobalSection(SolutionProperties) = preSolution
		HideSolutionNode = FALSE
	EndGlobalSection
	GlobalSection(ExtensibilityGlobals) = postSolution
		SolutionGuid = {5BCE71FB-5913-444C-9C79-261F39D9BCCE}
	EndGlobalSection
EndGlobal
